
Microsoft Visual Studio Solution File, Format Version 12.00
# Visual Studio Version 16
VisualStudioVersion = 16.0.29020.237
MinimumVisualStudioVersion = 10.0.40219.1
Project("{9A19103F-16F7-4668-BE54-9A1E7A4F7556}") = "BasicEcommerce.Domain", "src\BasicEcommerce.Domain\BasicEcommerce.Domain.csproj", "{554AD327-6DBA-4F8F-96F8-81CE7A0C863F}"
EndProject
Project("{9A19103F-16F7-4668-BE54-9A1E7A4F7556}") = "BasicEcommerce.Application", "src\BasicEcommerce.Application\BasicEcommerce.Application.csproj", "{1A94A50E-06DC-43C1-80B5-B662820EC3EB}"
EndProject
Project("{9A19103F-16F7-4668-BE54-9A1E7A4F7556}") = "BasicEcommerce.EntityFrameworkCore", "src\BasicEcommerce.EntityFrameworkCore\BasicEcommerce.EntityFrameworkCore.csproj", "{C956DD76-69C8-4A9C-83EA-D17DF83340FD}"
EndProject
Project("{2150E333-8FDC-42A3-9474-1A3956D46DE8}") = "src", "src", "{CA9AC87F-097E-4F15-8393-4BC07735A5B0}"
EndProject
Project("{2150E333-8FDC-42A3-9474-1A3956D46DE8}") = "test", "test", "{04DBDB01-70F4-4E06-B468-8F87850B22BE}"
EndProject
Project("{9A19103F-16F7-4668-BE54-9A1E7A4F7556}") = "BasicEcommerce.Application.Tests", "test\BasicEcommerce.Application.Tests\BasicEcommerce.Application.Tests.csproj", "{50B2631D-129C-47B3-A587-029CCD6099BC}"
EndProject
Project("{9A19103F-16F7-4668-BE54-9A1E7A4F7556}") = "BasicEcommerce.Domain.Shared", "src\BasicEcommerce.Domain.Shared\BasicEcommerce.Domain.Shared.csproj", "{42F719ED-8413-4895-B5B4-5AB56079BC66}"
EndProject
Project("{9A19103F-16F7-4668-BE54-9A1E7A4F7556}") = "BasicEcommerce.Application.Contracts", "src\BasicEcommerce.Application.Contracts\BasicEcommerce.Application.Contracts.csproj", "{520659C8-C734-4298-A3DA-B539DB9DFC0B}"
EndProject
Project("{9A19103F-16F7-4668-BE54-9A1E7A4F7556}") = "BasicEcommerce.HttpApi", "src\BasicEcommerce.HttpApi\BasicEcommerce.HttpApi.csproj", "{4164BDF7-F527-4E85-9CE6-E3C2D7426A27}"
EndProject
Project("{9A19103F-16F7-4668-BE54-9A1E7A4F7556}") = "BasicEcommerce.HttpApi.Client", "src\BasicEcommerce.HttpApi.Client\BasicEcommerce.HttpApi.Client.csproj", "{3B5A0094-670D-4BB1-BFDD-61B88A8773DC}"
EndProject
Project("{9A19103F-16F7-4668-BE54-9A1E7A4F7556}") = "BasicEcommerce.AuthServer", "src\BasicEcommerce.AuthServer\BasicEcommerce.AuthServer.csproj", "{073C361E-B8F4-49F5-93CC-72A3FF49C026}"
EndProject
Project("{9A19103F-16F7-4668-BE54-9A1E7A4F7556}") = "BasicEcommerce.HttpApi.Host", "src\BasicEcommerce.HttpApi.Host\BasicEcommerce.HttpApi.Host.csproj", "{E6D5BF0E-DE92-4D82-A352-EF04B37CB11C}"
EndProject
Project("{9A19103F-16F7-4668-BE54-9A1E7A4F7556}") = "BasicEcommerce.EntityFrameworkCore.Tests", "test\BasicEcommerce.EntityFrameworkCore.Tests\BasicEcommerce.EntityFrameworkCore.Tests.csproj", "{1FE30EB9-74A9-47F5-A9F6-7B1FAB672D81}"
EndProject
Project("{9A19103F-16F7-4668-BE54-9A1E7A4F7556}") = "BasicEcommerce.TestBase", "test\BasicEcommerce.TestBase\BasicEcommerce.TestBase.csproj", "{91853F21-9CD9-4132-BC29-A7D5D84FFFE7}"
EndProject
Project("{9A19103F-16F7-4668-BE54-9A1E7A4F7556}") = "BasicEcommerce.Domain.Tests", "test\BasicEcommerce.Domain.Tests\BasicEcommerce.Domain.Tests.csproj", "{E512F4D9-9375-480F-A2F6-A46509F9D824}"
EndProject
Project("{9A19103F-16F7-4668-BE54-9A1E7A4F7556}") = "BasicEcommerce.HttpApi.Client.ConsoleTestApp", "test\BasicEcommerce.HttpApi.Client.ConsoleTestApp\BasicEcommerce.HttpApi.Client.ConsoleTestApp.csproj", "{EF480016-9127-4916-8735-D2466BDBC582}"
EndProject
Project("{9A19103F-16F7-4668-BE54-9A1E7A4F7556}") = "BasicEcommerce.DbMigrator", "src\BasicEcommerce.DbMigrator\BasicEcommerce.DbMigrator.csproj", "{AA94D832-1CCC-4715-95A9-A483F23A1A5D}"
EndProject
Project("{2150E333-8FDC-42A3-9474-1A3956D46DE8}") = "common", "common", "{57DC2EE8-1300-4F3E-846E-143F21B4E4C2}"
EndProject
Project("{2150E333-8FDC-42A3-9474-1A3956D46DE8}") = "infrastructure", "infrastructure", "{3D2542C4-6471-4DC2-91A8-A90A18D18B5A}"
EndProject
Project("{2150E333-8FDC-42A3-9474-1A3956D46DE8}") = "domain", "domain", "{1E62F4F4-DD32-4C73-AF33-BFBD27B942D8}"
EndProject
Project("{2150E333-8FDC-42A3-9474-1A3956D46DE8}") = "identity", "identity", "{3D962372-0F08-4C02-8F6C-7C46F1D5AA83}"
EndProject
Project("{2150E333-8FDC-42A3-9474-1A3956D46DE8}") = "public", "public", "{5AB36320-C125-4585-9CB4-099EEF12FCAE}"
EndProject
Project("{2150E333-8FDC-42A3-9474-1A3956D46DE8}") = "admin", "admin", "{00A2AE03-C03C-4948-9B35-A6AF9217985A}"
EndProject
Project("{2150E333-8FDC-42A3-9474-1A3956D46DE8}") = "admin", "admin", "{E560612A-A4B5-4D52-87EC-47BD70E2F2A1}"
EndProject
Project("{2150E333-8FDC-42A3-9474-1A3956D46DE8}") = "share", "share", "{ADA052AF-5B46-4285-98A3-D328D5A2D535}"
EndProject
Project("{2150E333-8FDC-42A3-9474-1A3956D46DE8}") = "public", "public", "{67213186-E934-452D-8B77-C5FBBA479A95}"
EndProject
Project("{FAE04EC0-301F-11D3-BF4B-00C04F79EFBC}") = "BasicEcommerce.Admin.Application", "src\BasicEcommerce.Admin.Application\BasicEcommerce.Admin.Application.csproj", "{D786883C-DD6E-4FA5-BAB8-4582B5EF8338}"
EndProject
Project("{FAE04EC0-301F-11D3-BF4B-00C04F79EFBC}") = "BasicEcommerce.Admin.Application.Contracts", "src\BasicEcommerce.Admin.Application.Contracts\BasicEcommerce.Admin.Application.Contracts.csproj", "{6A15BF47-FFE9-464A-BF12-E9F829EFC95D}"
EndProject
Project("{FAE04EC0-301F-11D3-BF4B-00C04F79EFBC}") = "BasicEcommerce.Admin.HttpApi", "src\BasicEcommerce.Admin.HttpApi\BasicEcommerce.Admin.HttpApi.csproj", "{2632B8A5-9474-48BC-9877-6A57D590D7D8}"
EndProject
Project("{FAE04EC0-301F-11D3-BF4B-00C04F79EFBC}") = "BasicEcommerce.Admin.HttpApi.Client", "src\BasicEcommerce.Admin.HttpApi.Client\BasicEcommerce.Admin.HttpApi.Client.csproj", "{5F51B1E6-7CA6-4EC9-A7A4-E80C3C53537F}"
EndProject
Project("{FAE04EC0-301F-11D3-BF4B-00C04F79EFBC}") = "BasicEcommerce.HttpApi.Host", "src\BasicEcommerce.Admin.HttpApi.Host\BasicEcommerce.HttpApi.Host.csproj", "{E7BEBFF9-8CAC-4CF7-81DD-BF3E6B678428}"
EndProject
Global
	GlobalSection(SolutionConfigurationPlatforms) = preSolution
		Debug|Any CPU = Debug|Any CPU
		Release|Any CPU = Release|Any CPU
	EndGlobalSection
	GlobalSection(ProjectConfigurationPlatforms) = postSolution
		{554AD327-6DBA-4F8F-96F8-81CE7A0C863F}.Debug|Any CPU.ActiveCfg = Debug|Any CPU
		{554AD327-6DBA-4F8F-96F8-81CE7A0C863F}.Debug|Any CPU.Build.0 = Debug|Any CPU
		{554AD327-6DBA-4F8F-96F8-81CE7A0C863F}.Release|Any CPU.ActiveCfg = Release|Any CPU
		{554AD327-6DBA-4F8F-96F8-81CE7A0C863F}.Release|Any CPU.Build.0 = Release|Any CPU
		{1A94A50E-06DC-43C1-80B5-B662820EC3EB}.Debug|Any CPU.ActiveCfg = Debug|Any CPU
		{1A94A50E-06DC-43C1-80B5-B662820EC3EB}.Debug|Any CPU.Build.0 = Debug|Any CPU
		{1A94A50E-06DC-43C1-80B5-B662820EC3EB}.Release|Any CPU.ActiveCfg = Release|Any CPU
		{1A94A50E-06DC-43C1-80B5-B662820EC3EB}.Release|Any CPU.Build.0 = Release|Any CPU
		{C956DD76-69C8-4A9C-83EA-D17DF83340FD}.Debug|Any CPU.ActiveCfg = Debug|Any CPU
		{C956DD76-69C8-4A9C-83EA-D17DF83340FD}.Debug|Any CPU.Build.0 = Debug|Any CPU
		{C956DD76-69C8-4A9C-83EA-D17DF83340FD}.Release|Any CPU.ActiveCfg = Release|Any CPU
		{C956DD76-69C8-4A9C-83EA-D17DF83340FD}.Release|Any CPU.Build.0 = Release|Any CPU
		{50B2631D-129C-47B3-A587-029CCD6099BC}.Debug|Any CPU.ActiveCfg = Debug|Any CPU
		{50B2631D-129C-47B3-A587-029CCD6099BC}.Debug|Any CPU.Build.0 = Debug|Any CPU
		{50B2631D-129C-47B3-A587-029CCD6099BC}.Release|Any CPU.ActiveCfg = Release|Any CPU
		{50B2631D-129C-47B3-A587-029CCD6099BC}.Release|Any CPU.Build.0 = Release|Any CPU
		{42F719ED-8413-4895-B5B4-5AB56079BC66}.Debug|Any CPU.ActiveCfg = Debug|Any CPU
		{42F719ED-8413-4895-B5B4-5AB56079BC66}.Debug|Any CPU.Build.0 = Debug|Any CPU
		{42F719ED-8413-4895-B5B4-5AB56079BC66}.Release|Any CPU.ActiveCfg = Release|Any CPU
		{42F719ED-8413-4895-B5B4-5AB56079BC66}.Release|Any CPU.Build.0 = Release|Any CPU
		{520659C8-C734-4298-A3DA-B539DB9DFC0B}.Debug|Any CPU.ActiveCfg = Debug|Any CPU
		{520659C8-C734-4298-A3DA-B539DB9DFC0B}.Debug|Any CPU.Build.0 = Debug|Any CPU
		{520659C8-C734-4298-A3DA-B539DB9DFC0B}.Release|Any CPU.ActiveCfg = Release|Any CPU
		{520659C8-C734-4298-A3DA-B539DB9DFC0B}.Release|Any CPU.Build.0 = Release|Any CPU
		{4164BDF7-F527-4E85-9CE6-E3C2D7426A27}.Debug|Any CPU.ActiveCfg = Debug|Any CPU
		{4164BDF7-F527-4E85-9CE6-E3C2D7426A27}.Debug|Any CPU.Build.0 = Debug|Any CPU
		{4164BDF7-F527-4E85-9CE6-E3C2D7426A27}.Release|Any CPU.ActiveCfg = Release|Any CPU
		{4164BDF7-F527-4E85-9CE6-E3C2D7426A27}.Release|Any CPU.Build.0 = Release|Any CPU
		{3B5A0094-670D-4BB1-BFDD-61B88A8773DC}.Debug|Any CPU.ActiveCfg = Debug|Any CPU
		{3B5A0094-670D-4BB1-BFDD-61B88A8773DC}.Debug|Any CPU.Build.0 = Debug|Any CPU
		{3B5A0094-670D-4BB1-BFDD-61B88A8773DC}.Release|Any CPU.ActiveCfg = Release|Any CPU
		{3B5A0094-670D-4BB1-BFDD-61B88A8773DC}.Release|Any CPU.Build.0 = Release|Any CPU
		{073C361E-B8F4-49F5-93CC-72A3FF49C026}.Debug|Any CPU.ActiveCfg = Debug|Any CPU
		{073C361E-B8F4-49F5-93CC-72A3FF49C026}.Debug|Any CPU.Build.0 = Debug|Any CPU
		{073C361E-B8F4-49F5-93CC-72A3FF49C026}.Release|Any CPU.ActiveCfg = Release|Any CPU
		{073C361E-B8F4-49F5-93CC-72A3FF49C026}.Release|Any CPU.Build.0 = Release|Any CPU
		{E6D5BF0E-DE92-4D82-A352-EF04B37CB11C}.Debug|Any CPU.ActiveCfg = Debug|Any CPU
		{E6D5BF0E-DE92-4D82-A352-EF04B37CB11C}.Debug|Any CPU.Build.0 = Debug|Any CPU
		{E6D5BF0E-DE92-4D82-A352-EF04B37CB11C}.Release|Any CPU.ActiveCfg = Release|Any CPU
		{E6D5BF0E-DE92-4D82-A352-EF04B37CB11C}.Release|Any CPU.Build.0 = Release|Any CPU
		{1FE30EB9-74A9-47F5-A9F6-7B1FAB672D81}.Debug|Any CPU.ActiveCfg = Debug|Any CPU
		{1FE30EB9-74A9-47F5-A9F6-7B1FAB672D81}.Debug|Any CPU.Build.0 = Debug|Any CPU
		{1FE30EB9-74A9-47F5-A9F6-7B1FAB672D81}.Release|Any CPU.ActiveCfg = Release|Any CPU
		{1FE30EB9-74A9-47F5-A9F6-7B1FAB672D81}.Release|Any CPU.Build.0 = Release|Any CPU
		{91853F21-9CD9-4132-BC29-A7D5D84FFFE7}.Debug|Any CPU.ActiveCfg = Debug|Any CPU
		{91853F21-9CD9-4132-BC29-A7D5D84FFFE7}.Debug|Any CPU.Build.0 = Debug|Any CPU
		{91853F21-9CD9-4132-BC29-A7D5D84FFFE7}.Release|Any CPU.ActiveCfg = Release|Any CPU
		{91853F21-9CD9-4132-BC29-A7D5D84FFFE7}.Release|Any CPU.Build.0 = Release|Any CPU
		{E512F4D9-9375-480F-A2F6-A46509F9D824}.Debug|Any CPU.ActiveCfg = Debug|Any CPU
		{E512F4D9-9375-480F-A2F6-A46509F9D824}.Debug|Any CPU.Build.0 = Debug|Any CPU
		{E512F4D9-9375-480F-A2F6-A46509F9D824}.Release|Any CPU.ActiveCfg = Release|Any CPU
		{E512F4D9-9375-480F-A2F6-A46509F9D824}.Release|Any CPU.Build.0 = Release|Any CPU
		{EF480016-9127-4916-8735-D2466BDBC582}.Debug|Any CPU.ActiveCfg = Debug|Any CPU
		{EF480016-9127-4916-8735-D2466BDBC582}.Debug|Any CPU.Build.0 = Debug|Any CPU
		{EF480016-9127-4916-8735-D2466BDBC582}.Release|Any CPU.ActiveCfg = Release|Any CPU
		{EF480016-9127-4916-8735-D2466BDBC582}.Release|Any CPU.Build.0 = Release|Any CPU
		{AA94D832-1CCC-4715-95A9-A483F23A1A5D}.Debug|Any CPU.ActiveCfg = Debug|Any CPU
		{AA94D832-1CCC-4715-95A9-A483F23A1A5D}.Debug|Any CPU.Build.0 = Debug|Any CPU
		{AA94D832-1CCC-4715-95A9-A483F23A1A5D}.Release|Any CPU.ActiveCfg = Release|Any CPU
		{AA94D832-1CCC-4715-95A9-A483F23A1A5D}.Release|Any CPU.Build.0 = Release|Any CPU
		{D786883C-DD6E-4FA5-BAB8-4582B5EF8338}.Debug|Any CPU.ActiveCfg = Debug|Any CPU
		{D786883C-DD6E-4FA5-BAB8-4582B5EF8338}.Debug|Any CPU.Build.0 = Debug|Any CPU
		{D786883C-DD6E-4FA5-BAB8-4582B5EF8338}.Release|Any CPU.ActiveCfg = Release|Any CPU
		{D786883C-DD6E-4FA5-BAB8-4582B5EF8338}.Release|Any CPU.Build.0 = Release|Any CPU
		{6A15BF47-FFE9-464A-BF12-E9F829EFC95D}.Debug|Any CPU.ActiveCfg = Debug|Any CPU
		{6A15BF47-FFE9-464A-BF12-E9F829EFC95D}.Debug|Any CPU.Build.0 = Debug|Any CPU
		{6A15BF47-FFE9-464A-BF12-E9F829EFC95D}.Release|Any CPU.ActiveCfg = Release|Any CPU
		{6A15BF47-FFE9-464A-BF12-E9F829EFC95D}.Release|Any CPU.Build.0 = Release|Any CPU
		{2632B8A5-9474-48BC-9877-6A57D590D7D8}.Debug|Any CPU.ActiveCfg = Debug|Any CPU
		{2632B8A5-9474-48BC-9877-6A57D590D7D8}.Debug|Any CPU.Build.0 = Debug|Any CPU
		{2632B8A5-9474-48BC-9877-6A57D590D7D8}.Release|Any CPU.ActiveCfg = Release|Any CPU
		{2632B8A5-9474-48BC-9877-6A57D590D7D8}.Release|Any CPU.Build.0 = Release|Any CPU
		{5F51B1E6-7CA6-4EC9-A7A4-E80C3C53537F}.Debug|Any CPU.ActiveCfg = Debug|Any CPU
		{5F51B1E6-7CA6-4EC9-A7A4-E80C3C53537F}.Debug|Any CPU.Build.0 = Debug|Any CPU
		{5F51B1E6-7CA6-4EC9-A7A4-E80C3C53537F}.Release|Any CPU.ActiveCfg = Release|Any CPU
		{5F51B1E6-7CA6-4EC9-A7A4-E80C3C53537F}.Release|Any CPU.Build.0 = Release|Any CPU
		{E7BEBFF9-8CAC-4CF7-81DD-BF3E6B678428}.Debug|Any CPU.ActiveCfg = Debug|Any CPU
		{E7BEBFF9-8CAC-4CF7-81DD-BF3E6B678428}.Debug|Any CPU.Build.0 = Debug|Any CPU
		{E7BEBFF9-8CAC-4CF7-81DD-BF3E6B678428}.Release|Any CPU.ActiveCfg = Release|Any CPU
		{E7BEBFF9-8CAC-4CF7-81DD-BF3E6B678428}.Release|Any CPU.Build.0 = Release|Any CPU
	EndGlobalSection
	GlobalSection(SolutionProperties) = preSolution
		HideSolutionNode = FALSE
	EndGlobalSection
	GlobalSection(NestedProjects) = preSolution
		{50B2631D-129C-47B3-A587-029CCD6099BC} = {04DBDB01-70F4-4E06-B468-8F87850B22BE}
		{1FE30EB9-74A9-47F5-A9F6-7B1FAB672D81} = {04DBDB01-70F4-4E06-B468-8F87850B22BE}
		{91853F21-9CD9-4132-BC29-A7D5D84FFFE7} = {04DBDB01-70F4-4E06-B468-8F87850B22BE}
		{E512F4D9-9375-480F-A2F6-A46509F9D824} = {04DBDB01-70F4-4E06-B468-8F87850B22BE}
		{EF480016-9127-4916-8735-D2466BDBC582} = {04DBDB01-70F4-4E06-B468-8F87850B22BE}
		{57DC2EE8-1300-4F3E-846E-143F21B4E4C2} = {CA9AC87F-097E-4F15-8393-4BC07735A5B0}
		{3D2542C4-6471-4DC2-91A8-A90A18D18B5A} = {57DC2EE8-1300-4F3E-846E-143F21B4E4C2}
		{1E62F4F4-DD32-4C73-AF33-BFBD27B942D8} = {57DC2EE8-1300-4F3E-846E-143F21B4E4C2}
		{3D962372-0F08-4C02-8F6C-7C46F1D5AA83} = {CA9AC87F-097E-4F15-8393-4BC07735A5B0}
		{073C361E-B8F4-49F5-93CC-72A3FF49C026} = {3D962372-0F08-4C02-8F6C-7C46F1D5AA83}
		{AA94D832-1CCC-4715-95A9-A483F23A1A5D} = {3D2542C4-6471-4DC2-91A8-A90A18D18B5A}
		{C956DD76-69C8-4A9C-83EA-D17DF83340FD} = {3D2542C4-6471-4DC2-91A8-A90A18D18B5A}
		{554AD327-6DBA-4F8F-96F8-81CE7A0C863F} = {1E62F4F4-DD32-4C73-AF33-BFBD27B942D8}
		{42F719ED-8413-4895-B5B4-5AB56079BC66} = {1E62F4F4-DD32-4C73-AF33-BFBD27B942D8}
		{5AB36320-C125-4585-9CB4-099EEF12FCAE} = {CA9AC87F-097E-4F15-8393-4BC07735A5B0}
		{00A2AE03-C03C-4948-9B35-A6AF9217985A} = {CA9AC87F-097E-4F15-8393-4BC07735A5B0}
		{1A94A50E-06DC-43C1-80B5-B662820EC3EB} = {5AB36320-C125-4585-9CB4-099EEF12FCAE}
		{520659C8-C734-4298-A3DA-B539DB9DFC0B} = {5AB36320-C125-4585-9CB4-099EEF12FCAE}
		{4164BDF7-F527-4E85-9CE6-E3C2D7426A27} = {5AB36320-C125-4585-9CB4-099EEF12FCAE}
		{3B5A0094-670D-4BB1-BFDD-61B88A8773DC} = {5AB36320-C125-4585-9CB4-099EEF12FCAE}
		{E6D5BF0E-DE92-4D82-A352-EF04B37CB11C} = {5AB36320-C125-4585-9CB4-099EEF12FCAE}
		{E560612A-A4B5-4D52-87EC-47BD70E2F2A1} = {04DBDB01-70F4-4E06-B468-8F87850B22BE}
		{ADA052AF-5B46-4285-98A3-D328D5A2D535} = {04DBDB01-70F4-4E06-B468-8F87850B22BE}
		{67213186-E934-452D-8B77-C5FBBA479A95} = {04DBDB01-70F4-4E06-B468-8F87850B22BE}
		{D786883C-DD6E-4FA5-BAB8-4582B5EF8338} = {00A2AE03-C03C-4948-9B35-A6AF9217985A}
		{6A15BF47-FFE9-464A-BF12-E9F829EFC95D} = {00A2AE03-C03C-4948-9B35-A6AF9217985A}
		{2632B8A5-9474-48BC-9877-6A57D590D7D8} = {00A2AE03-C03C-4948-9B35-A6AF9217985A}
		{5F51B1E6-7CA6-4EC9-A7A4-E80C3C53537F} = {00A2AE03-C03C-4948-9B35-A6AF9217985A}
		{E7BEBFF9-8CAC-4CF7-81DD-BF3E6B678428} = {00A2AE03-C03C-4948-9B35-A6AF9217985A}
	EndGlobalSection
	GlobalSection(ExtensibilityGlobals) = postSolution
		SolutionGuid = {28315BFD-90E7-4E14-A2EA-F3D23AF4126F}
	EndGlobalSection
EndGlobal
